<?xml version="1.0" encoding="utf-8"?>
<Project ToolsVersion="4.0" xmlns="http://schemas.microsoft.com/developer/msbuild/2003">
  <ItemGroup>
    <Filter Include="Source Files">
      <UniqueIdentifier>{4FC737F1-C7A5-4376-A066-2A32D752A2FF}</UniqueIdentifier>
      <Extensions>cpp;c;cc;cxx;def;odl;idl;hpj;bat;asm;asmx</Extensions>
    </Filter>
    <Filter Include="Source Files\Shader">
      <UniqueIdentifier>{23b0ca58-f328-414d-9acd-a26a65e2962a}</UniqueIdentifier>
    </Filter>
    <Filter Include="Source Files\SceneManager">
      <UniqueIdentifier>{a346a320-cc3c-41ad-bf32-68e6489baa76}</UniqueIdentifier>
    </Filter>
    <Filter Include="Source Files\Utility">
      <UniqueIdentifier>{9c194606-c804-419c-ab6d-217ce70e0f17}</UniqueIdentifier>
    </Filter>
    <Filter Include="Source Files\User Interaction">
      <UniqueIdentifier>{4e312f87-6520-43be-b2a5-61c13e00f90f}</UniqueIdentifier>
    </Filter>
    <Filter Include="Source Files\User Interaction\Mouse">
      <UniqueIdentifier>{9637dc23-452d-4e7e-bdd7-975e37b81cf4}</UniqueIdentifier>
    </Filter>
    <Filter Include="Source Files\User Interaction\Keyboard">
      <UniqueIdentifier>{34889079-aeb2-4950-b267-3c892ecc19f8}</UniqueIdentifier>
    </Filter>
    <Filter Include="Source Files\Utility\XML">
      <UniqueIdentifier>{caf0cf13-03dc-4945-8a19-fa1de88af0ab}</UniqueIdentifier>
    </Filter>
    <Filter Include="Source Files\Algebra">
      <UniqueIdentifier>{42149d94-06e7-44a6-a242-cbeb46b76848}</UniqueIdentifier>
    </Filter>
    <Filter Include="Source Files\Algebra\Quaternion">
      <UniqueIdentifier>{5668653f-c2dc-4cc4-8e00-109851de58c6}</UniqueIdentifier>
    </Filter>
    <Filter Include="Source Files\Algebra\Vector">
      <UniqueIdentifier>{98b5778a-731e-47fe-878e-d808a7c45885}</UniqueIdentifier>
    </Filter>
    <Filter Include="Source Files\Algebra\Matrix">
      <UniqueIdentifier>{3cb6ed6a-9e96-4f5c-8f41-4817b8207e07}</UniqueIdentifier>
    </Filter>
    <Filter Include="Shader Files">
      <UniqueIdentifier>{93995380-89BD-4b04-88EB-625FBE52EBFB}</UniqueIdentifier>
      <Extensions>glsl;vert;frag;v;f</Extensions>
    </Filter>
    <Filter Include="Source Files\Utility\OBJ">
      <UniqueIdentifier>{9e4b9495-261c-4261-8663-a843b10f6a51}</UniqueIdentifier>
    </Filter>
    <Filter Include="Source Files\Shader\BlinnPhong">
      <UniqueIdentifier>{bc5a4213-15f7-4b6b-9def-7fc103f3fdba}</UniqueIdentifier>
    </Filter>
    <Filter Include="Source Files\Shader\BumpMap">
      <UniqueIdentifier>{f26f5eca-1f0a-4ff4-9495-69b51a1def9c}</UniqueIdentifier>
    </Filter>
    <Filter Include="Source Files\Shader\BlinnPhong\glsl">
      <UniqueIdentifier>{8c84c7e9-a0c1-4155-b1de-fb1069abe064}</UniqueIdentifier>
    </Filter>
    <Filter Include="Source Files\Shader\BumpMap\glsl">
      <UniqueIdentifier>{7fbae9e1-2139-4870-a0ef-5ef217c6e8dd}</UniqueIdentifier>
    </Filter>
    <Filter Include="Source Files\SceneManager\SceneGraph">
      <UniqueIdentifier>{18694d95-e68c-49cb-8a2b-af49462951db}</UniqueIdentifier>
    </Filter>
    <Filter Include="Source Files\SceneManager\Lights">
      <UniqueIdentifier>{bb8781fb-89ca-4a99-9f01-a99654781bc0}</UniqueIdentifier>
    </Filter>
    <Filter Include="Source Files\SceneManager\Lights\DirectionalLight">
      <UniqueIdentifier>{a729dcf1-3ec1-4a9f-ad9d-ed8c6671bba1}</UniqueIdentifier>
    </Filter>
    <Filter Include="Source Files\SceneManager\Lights\Light">
      <UniqueIdentifier>{d00b9e45-7407-4ed0-a657-60cc1f561f54}</UniqueIdentifier>
    </Filter>
    <Filter Include="Source Files\SceneManager\Lights\PositionalLight">
      <UniqueIdentifier>{04b6a256-a01d-4c7e-ac10-7596ecc14bc8}</UniqueIdentifier>
    </Filter>
    <Filter Include="Source Files\SceneManager\Lights\SpotLight">
      <UniqueIdentifier>{d771b2c8-bb9f-4e61-b9db-32f96589506a}</UniqueIdentifier>
    </Filter>
    <Filter Include="Source Files\SceneManager\Camera">
      <UniqueIdentifier>{73afb099-d3ed-4887-949f-b5c23bb2a393}</UniqueIdentifier>
    </Filter>
    <Filter Include="Source Files\SceneManager\Objects">
      <UniqueIdentifier>{a200c648-222f-4126-a22c-8d1145317659}</UniqueIdentifier>
    </Filter>
    <Filter Include="Source Files\SceneManager\Objects\JointObject">
      <UniqueIdentifier>{067d7691-c181-4840-bf3d-f0776b0b9182}</UniqueIdentifier>
    </Filter>
    <Filter Include="Source Files\SceneManager\Objects\Object">
      <UniqueIdentifier>{bf0edfff-b0ff-49d7-aea0-c34d68d2aef4}</UniqueIdentifier>
    </Filter>
    <Filter Include="Source Files\SceneManager\Objects\Object\BufferObject">
      <UniqueIdentifier>{cd44c009-036d-4395-b535-cab631cc72e9}</UniqueIdentifier>
    </Filter>
    <Filter Include="Source Files\Motion Blur">
      <UniqueIdentifier>{501cca1d-17c8-45b2-a604-44bf2cf94f28}</UniqueIdentifier>
    </Filter>
    <Filter Include="Source Files\Motion Blur\PostProcessing">
      <UniqueIdentifier>{3716a1d3-fae0-477d-8ce1-7568d4686ac2}</UniqueIdentifier>
    </Filter>
    <Filter Include="Source Files\Motion Blur\PostProcessing\glsl">
      <UniqueIdentifier>{16154b9a-5697-4ade-bcb3-96108b3e8022}</UniqueIdentifier>
    </Filter>
    <Filter Include="Source Files\SceneManager\Sounds">
      <UniqueIdentifier>{a0c6af7b-6ec4-45ce-8f51-0094327b77b9}</UniqueIdentifier>
    </Filter>
    <Filter Include="Source Files\SceneManager\SceneGraph\MatrixStack">
      <UniqueIdentifier>{babe8c29-8b57-459d-8f92-d6dc80e8fdcc}</UniqueIdentifier>
    </Filter>
    <Filter Include="Source Files\Shader\Textures">
      <UniqueIdentifier>{78db1ec1-3653-4d41-bd72-b7994428e745}</UniqueIdentifier>
    </Filter>
    <Filter Include="Source Files\Shader\Textures\NoiseTexture">
      <UniqueIdentifier>{a1d170dc-e493-4772-966c-3eda42b689b8}</UniqueIdentifier>
    </Filter>
    <Filter Include="Source Files\Shader\Textures\NoiseTexture\PerlinNoise">
      <UniqueIdentifier>{226640cb-7723-40bf-b766-48cd5750c80a}</UniqueIdentifier>
    </Filter>
    <Filter Include="Source Files\Shader\MixedTexture">
      <UniqueIdentifier>{2aa229a7-4e48-4d28-a189-56a8bdfa0e42}</UniqueIdentifier>
    </Filter>
    <Filter Include="Source Files\Shader\MixedTexture\glsl">
      <UniqueIdentifier>{ed1ca525-2a44-4cc6-a848-c8ac78659364}</UniqueIdentifier>
    </Filter>
    <Filter Include="Source Files\Shader\Wood">
      <UniqueIdentifier>{d803a608-2c1c-4f9a-a7e1-17e25c9c71dc}</UniqueIdentifier>
    </Filter>
    <Filter Include="Source Files\Shader\Wood\glsl">
      <UniqueIdentifier>{fa4f6db8-d145-472b-afbc-fbe170ce5ebd}</UniqueIdentifier>
    </Filter>
  </ItemGroup>
  <ItemGroup>
    <ClCompile Include="source\BufferObject.cpp">
      <Filter>Source Files\SceneManager\Objects\Object\BufferObject</Filter>
    </ClCompile>
    <ClCompile Include="source\SceneManager.cpp">
      <Filter>Source Files\SceneManager</Filter>
    </ClCompile>
    <ClCompile Include="source\main.cpp">
      <Filter>Source Files</Filter>
    </ClCompile>
    <ClCompile Include="source\Vector.cpp">
      <Filter>Source Files\Algebra\Vector</Filter>
    </ClCompile>
    <ClCompile Include="source\Quaternion.cpp">
      <Filter>Source Files\Algebra\Quaternion</Filter>
    </ClCompile>
    <ClCompile Include="source\KeyboardHandler.cpp">
      <Filter>Source Files\User Interaction\Keyboard</Filter>
    </ClCompile>
    <ClCompile Include="source\MouseHandler.cpp">
      <Filter>Source Files\User Interaction\Mouse</Filter>
    </ClCompile>
    <ClCompile Include="source\Matrix.cpp">
      <Filter>Source Files\Algebra\Matrix</Filter>
    </ClCompile>
    <ClCompile Include="source\Camera.cpp">
      <Filter>Source Files\SceneManager\Camera</Filter>
    </ClCompile>
    <ClCompile Include="source\MatrixStack.cpp">
      <Filter>Source Files\SceneManager\SceneGraph\MatrixStack</Filter>
    </ClCompile>
    <ClCompile Include="source\OBJ_Reader.cpp">
      <Filter>Source Files\Utility\OBJ</Filter>
    </ClCompile>
    <ClCompile Include="source\SceneNode.cpp">
      <Filter>Source Files\SceneManager\SceneGraph</Filter>
    </ClCompile>
    <ClCompile Include="source\ShaderProgram.cpp">
      <Filter>Source Files\Shader</Filter>
    </ClCompile>
    <ClCompile Include="source\PostProcessing.cpp">
      <Filter>Source Files\Motion Blur\PostProcessing</Filter>
    </ClCompile>
    <ClCompile Include="source\FrameBuffer.cpp">
      <Filter>Source Files\Motion Blur</Filter>
    </ClCompile>
    <ClCompile Include="source\DirectionalLight.cpp">
      <Filter>Source Files\SceneManager\Lights\DirectionalLight</Filter>
    </ClCompile>
    <ClCompile Include="source\SpotLight.cpp">
      <Filter>Source Files\SceneManager\Lights\SpotLight</Filter>
    </ClCompile>
    <ClCompile Include="source\PositionalLight.cpp">
      <Filter>Source Files\SceneManager\Lights\PositionalLight</Filter>
    </ClCompile>
    <ClCompile Include="source\Light.cpp">
      <Filter>Source Files\SceneManager\Lights\Light</Filter>
    </ClCompile>
    <ClCompile Include="source\BlinnPhongShader.cpp">
      <Filter>Source Files\Shader\BlinnPhong</Filter>
    </ClCompile>
    <ClCompile Include="source\BumpMapShader.cpp">
      <Filter>Source Files\Shader\BumpMap</Filter>
    </ClCompile>
    <ClCompile Include="source\Texture.cpp">
      <Filter>Source Files\Shader\Textures</Filter>
    </ClCompile>
    <ClCompile Include="source\PerlinNoise.cpp">
      <Filter>Source Files\Shader\Textures\NoiseTexture\PerlinNoise</Filter>
    </ClCompile>
    <ClCompile Include="source\RealWoodShader.cpp">
      <Filter>Source Files\Shader\Wood</Filter>
    </ClCompile>
    <ClCompile Include="source\JointObject.cpp">
      <Filter>Source Files\SceneManager\Objects\JointObject</Filter>
    </ClCompile>
    <ClCompile Include="source\GeneratedTexture.cpp">
      <Filter>Source Files\Shader\Textures\NoiseTexture</Filter>
    </ClCompile>
    <ClCompile Include="source\XML_Reader.cpp">
      <Filter>Source Files\Utility\XML</Filter>
    </ClCompile>
    <ClCompile Include="source\Sound.cpp">
      <Filter>Source Files\SceneManager\Sounds</Filter>
    </ClCompile>
    <ClCompile Include="source\MixedTextureShader.cpp">
      <Filter>Source Files\Shader\MixedTexture</Filter>
    </ClCompile>
    <ClCompile Include="source\Object.cpp">
      <Filter>Source Files\SceneManager\Objects\Object</Filter>
    </ClCompile>
  </ItemGroup>
  <ItemGroup>
    <ClInclude Include="source\SceneManager.h">
      <Filter>Source Files\SceneManager</Filter>
    </ClInclude>
    <ClInclude Include="source\BufferObject.h">
      <Filter>Source Files\SceneManager\Objects\Object\BufferObject</Filter>
    </ClInclude>
    <ClInclude Include="source\Utility.h">
      <Filter>Source Files\Utility</Filter>
    </ClInclude>
    <ClInclude Include="source\Constants.h">
      <Filter>Source Files\Utility</Filter>
    </ClInclude>
    <ClInclude Include="source\Vector.h">
      <Filter>Source Files\Algebra\Vector</Filter>
    </ClInclude>
    <ClInclude Include="source\Quaternion.h">
      <Filter>Source Files\Algebra\Quaternion</Filter>
    </ClInclude>
    <ClInclude Include="source\KeyboardHandler.h">
      <Filter>Source Files\User Interaction\Keyboard</Filter>
    </ClInclude>
    <ClInclude Include="source\MouseHandler.h">
      <Filter>Source Files\User Interaction\Mouse</Filter>
    </ClInclude>
    <ClInclude Include="source\Matrix.h">
      <Filter>Source Files\Algebra\Matrix</Filter>
    </ClInclude>
    <ClInclude Include="source\Camera.h">
      <Filter>Source Files\SceneManager\Camera</Filter>
    </ClInclude>
    <ClInclude Include="source\MatrixStack.h">
      <Filter>Source Files\SceneManager\SceneGraph\MatrixStack</Filter>
    </ClInclude>
    <ClInclude Include="source\OBJ_Reader.h">
      <Filter>Source Files\Utility\OBJ</Filter>
    </ClInclude>
    <ClInclude Include="source\SceneNode.h">
      <Filter>Source Files\SceneManager\SceneGraph</Filter>
    </ClInclude>
    <ClInclude Include="source\ShaderProgram.h">
      <Filter>Source Files\Shader</Filter>
    </ClInclude>
    <ClInclude Include="source\PostProcessing.h">
      <Filter>Source Files\Motion Blur\PostProcessing</Filter>
    </ClInclude>
    <ClInclude Include="source\FrameBuffer.h">
      <Filter>Source Files\Motion Blur</Filter>
    </ClInclude>
    <ClInclude Include="source\DirectionalLight.h">
      <Filter>Source Files\SceneManager\Lights\DirectionalLight</Filter>
    </ClInclude>
    <ClInclude Include="source\SpotLight.h">
      <Filter>Source Files\SceneManager\Lights\SpotLight</Filter>
    </ClInclude>
    <ClInclude Include="source\PositionalLight.h">
      <Filter>Source Files\SceneManager\Lights\PositionalLight</Filter>
    </ClInclude>
    <ClInclude Include="source\Light.h">
      <Filter>Source Files\SceneManager\Lights\Light</Filter>
    </ClInclude>
    <ClInclude Include="source\BumpMapShader.h">
      <Filter>Source Files\Shader\BumpMap</Filter>
    </ClInclude>
    <ClInclude Include="source\BlinnPhongShader.h">
      <Filter>Source Files\Shader\BlinnPhong</Filter>
    </ClInclude>
    <ClInclude Include="source\Texture.h">
      <Filter>Source Files\Shader\Textures</Filter>
    </ClInclude>
    <ClInclude Include="source\PerlinNoise.h">
      <Filter>Source Files\Shader\Textures\NoiseTexture\PerlinNoise</Filter>
    </ClInclude>
    <ClInclude Include="source\RealWoodShader.h">
      <Filter>Source Files\Shader\Wood</Filter>
    </ClInclude>
    <ClInclude Include="source\JointObject.h">
      <Filter>Source Files\SceneManager\Objects\JointObject</Filter>
    </ClInclude>
    <ClInclude Include="source\Object.h">
      <Filter>Source Files\SceneManager\Objects\Object</Filter>
    </ClInclude>
    <ClInclude Include="source\GeneratedTexture.h">
      <Filter>Source Files\Shader\Textures\NoiseTexture</Filter>
    </ClInclude>
    <ClInclude Include="source\XML_Reader.h">
      <Filter>Source Files\Utility\XML</Filter>
    </ClInclude>
    <ClInclude Include="source\Sound.h">
      <Filter>Source Files\SceneManager\Sounds</Filter>
    </ClInclude>
    <ClInclude Include="source\Names.h">
      <Filter>Source Files\Utility</Filter>
    </ClInclude>
    <ClInclude Include="source\MixedTextureShader.h">
      <Filter>Source Files\Shader\MixedTexture</Filter>
    </ClInclude>
  </ItemGroup>
  <ItemGroup>
    <None Include="shaders\blinn_phong_fragment_shader.glsl">
      <Filter>Source Files\Shader\BlinnPhong\glsl</Filter>
    </None>
    <None Include="shaders\blinn_phong_vertex_shader.glsl">
      <Filter>Source Files\Shader\BlinnPhong\glsl</Filter>
    </None>
    <None Include="shaders\bump_map_fragment_shader.glsl">
      <Filter>Source Files\Shader\BumpMap\glsl</Filter>
    </None>
    <None Include="shaders\bump_map_vertex_shader.glsl">
      <Filter>Source Files\Shader\BumpMap\glsl</Filter>
    </None>
    <None Include="shaders\real_wood_fragment_shader.glsl">
      <Filter>Source Files\Shader\Wood\glsl</Filter>
    </None>
    <None Include="shaders\real_wood_vertex_shader.glsl">
      <Filter>Source Files\Shader\Wood\glsl</Filter>
    </None>
    <None Include="shaders\post_processing_vertex_shader.glsl">
      <Filter>Source Files\Motion Blur\PostProcessing\glsl</Filter>
    </None>
    <None Include="shaders\post_processing_fragment_shader.glsl">
      <Filter>Source Files\Motion Blur\PostProcessing\glsl</Filter>
    </None>
    <None Include="shaders\mixed_texture_fragment_shader.glsl">
      <Filter>Source Files\Shader\MixedTexture\glsl</Filter>
    </None>
    <None Include="shaders\mixed_texture_vertex_shader.glsl">
      <Filter>Source Files\Shader\MixedTexture\glsl</Filter>
    </None>
  </ItemGroup>
</Project>